
Microsoft Visual Studio Solution File, Format Version 12.00
# Visual Studio 15
VisualStudioVersion = 15.0.28010.2046
MinimumVisualStudioVersion = 10.0.40219.1
Project("{9A19103F-16F7-4668-BE54-9A1E7A4F7556}") = "TestRunner.Functions", "TestRunner.Functions.csproj", "{BD31C3AE-F04F-4D4F-ADA2-EC6852FD741A}"
EndProject
Global
	GlobalSection(SolutionConfigurationPlatforms) = preSolution
		Debug|Any CPU = Debug|Any CPU
		Release|Any CPU = Release|Any CPU
	EndGlobalSection
	GlobalSection(ProjectConfigurationPlatforms) = postSolution
		{BD31C3AE-F04F-4D4F-ADA2-EC6852FD741A}.Debug|Any CPU.ActiveCfg = Debug|Any CPU
		{BD31C3AE-F04F-4D4F-ADA2-EC6852FD741A}.Debug|Any CPU.Build.0 = Debug|Any CPU
		{BD31C3AE-F04F-4D4F-ADA2-EC6852FD741A}.Release|Any CPU.ActiveCfg = Release|Any CPU
		{BD31C3AE-F04F-4D4F-ADA2-EC6852FD741A}.Release|Any CPU.Build.0 = Release|Any CPU
	EndGlobalSection
	GlobalSection(SolutionProperties) = preSolution
		HideSolutionNode = FALSE
	EndGlobalSection
	GlobalSection(ExtensibilityGlobals) = postSolution
		SolutionGuid = {F76429AB-2C7B-4088-8BEE-5415BF63204A}
	EndGlobalSection
EndGlobal
